{
  "requires": true,
  "lockfileVersion": 1,
  "dependencies": {
    "@ngrx/store": {
      "version": "6.0.1",
      "resolved": "https://registry.npmjs.org/@ngrx/store/-/store-6.0.1.tgz",
      "integrity": "sha512-cSgfT8CgpOr6BOQac9M3DH6QQC5gxCVjdEcZH//Zn/kwdse86X73iK7KWv6B6AiIEdyVbFfggXNZwd/HiyLGOA=="
    }
  }
}
